
Microsoft Visual Studio Solution File, Format Version 11.00
# Visual Studio 2010
Project("{FAE04EC0-301F-11D3-BF4B-00C04F79EFBC}") = "WcfCEP", "WcfCEP\WcfCEP.csproj", "{B9D8E359-FA29-4E37-BF75-E797AE911793}"
EndProject
Project("{FAE04EC0-301F-11D3-BF4B-00C04F79EFBC}") = "WcfDto", "WcfDto\WcfDto.csproj", "{B3E860CC-B12A-44BF-8978-51F5BF673804}"
EndProject
Global
	GlobalSection(SolutionConfigurationPlatforms) = preSolution
		Debug|Any CPU = Debug|Any CPU
		Release|Any CPU = Release|Any CPU
	EndGlobalSection
	GlobalSection(ProjectConfigurationPlatforms) = postSolution
		{B9D8E359-FA29-4E37-BF75-E797AE911793}.Debug|Any CPU.ActiveCfg = Debug|Any CPU
		{B9D8E359-FA29-4E37-BF75-E797AE911793}.Debug|Any CPU.Build.0 = Debug|Any CPU
		{B9D8E359-FA29-4E37-BF75-E797AE911793}.Release|Any CPU.ActiveCfg = Release|Any CPU
		{B9D8E359-FA29-4E37-BF75-E797AE911793}.Release|Any CPU.Build.0 = Release|Any CPU
		{B3E860CC-B12A-44BF-8978-51F5BF673804}.Debug|Any CPU.ActiveCfg = Debug|Any CPU
		{B3E860CC-B12A-44BF-8978-51F5BF673804}.Debug|Any CPU.Build.0 = Debug|Any CPU
		{B3E860CC-B12A-44BF-8978-51F5BF673804}.Release|Any CPU.ActiveCfg = Release|Any CPU
		{B3E860CC-B12A-44BF-8978-51F5BF673804}.Release|Any CPU.Build.0 = Release|Any CPU
	EndGlobalSection
	GlobalSection(SolutionProperties) = preSolution
		HideSolutionNode = FALSE
	EndGlobalSection
EndGlobal
